{
  "requires": true,
  "lockfileVersion": 1,
  "dependencies": {
    "classnames": {
      "version": "2.2.5",
      "resolved": "https://registry.npmjs.org/classnames/-/classnames-2.2.5.tgz",
      "integrity": "sha1-+zgB1FNGdknvNgPH1hoCvRKb3m0="
    },
    "react-flipcard": {
      "version": "0.2.1",
      "resolved": "https://registry.npmjs.org/react-flipcard/-/react-flipcard-0.2.1.tgz",
      "integrity": "sha1-fUOcV1XlpY2B3eoMj/BxLD2OgEg=",
      "requires": {
        "classnames": "2.2.5"
      }
    }
  }
}
